
Microsoft Visual Studio Solution File, Format Version 12.00
# Visual Studio Version 17
VisualStudioVersion = 17.3.32929.385
MinimumVisualStudioVersion = 10.0.40219.1
Project("{FAE04EC0-301F-11D3-BF4B-00C04F79EFBC}") = "Doc Converter", "Doc Converter.csproj", "{75CC4D05-7301-4CBC-82AE-8627DB82AF14}"
EndProject
Global
	GlobalSection(SolutionConfigurationPlatforms) = preSolution
		Debug|Any CPU = Debug|Any CPU
		Release|Any CPU = Release|Any CPU
	EndGlobalSection
	GlobalSection(ProjectConfigurationPlatforms) = postSolution
		{75CC4D05-7301-4CBC-82AE-8627DB82AF14}.Debug|Any CPU.ActiveCfg = Debug|Any CPU
		{75CC4D05-7301-4CBC-82AE-8627DB82AF14}.Debug|Any CPU.Build.0 = Debug|Any CPU
		{75CC4D05-7301-4CBC-82AE-8627DB82AF14}.Release|Any CPU.ActiveCfg = Release|Any CPU
		{75CC4D05-7301-4CBC-82AE-8627DB82AF14}.Release|Any CPU.Build.0 = Release|Any CPU
	EndGlobalSection
	GlobalSection(SolutionProperties) = preSolution
		HideSolutionNode = FALSE
	EndGlobalSection
	GlobalSection(ExtensibilityGlobals) = postSolution
		SolutionGuid = {6A3A3752-3B7E-4224-908C-F4AAE1AF9543}
	EndGlobalSection
EndGlobal
